PODS:
  - ActionSheetPicker-3.0 (2.7.1)
  - Alamofire (5.6.2)
  - MBProgressHUD (1.2.0)
  - R.swift (6.1.0):
    - R.swift.Library (~> 5.3.0)
  - R.swift.Library (5.3.0)
  - RxAlamofire (6.1.1):
    - RxAlamofire/Core (= 6.1.1)
  - RxAlamofire/Core (6.1.1):
    - Alamofire (~> 5.4)
    - RxSwift (~> 6.0)
  - RxCocoa (6.5.0):
    - RxRelay (= 6.5.0)
    - RxSwift (= 6.5.0)
  - RxRelay (6.5.0):
    - RxSwift (= 6.5.0)
  - RxSwift (6.5.0)

DEPENDENCIES:
  - ActionSheetPicker-3.0
  - Alamofire
  - MBProgressHUD (~> 1.2.0)
  - R.swift
  - RxAlamofire
  - RxCocoa (~> 6.5.0)
  - RxSwift (~> 6.5.0)

SPEC REPOS:
  trunk:
    - ActionSheetPicker-3.0
    - Alamofire
    - MBProgressHUD
    - R.swift
    - R.swift.Library
    - RxAlamofire
    - RxCocoa
    - RxRelay
    - RxSwift

SPEC CHECKSUMS:
  ActionSheetPicker-3.0: 36da254b97a09ff89679ecb8b8510bd3e5bdc773
  Alamofire: d368e1ff8a298e6dde360e35a3e68e6c610e7204
  MBProgressHUD: 3ee5efcc380f6a79a7cc9b363dd669c5e1ae7406
  R.swift: ec98ff71c4ab2f6fd01dd077e5afd15e63a4834c
  R.swift.Library: 0fc583cb55a99e28901299cc451614cad1161962
  RxAlamofire: beb75a1c452d0de225651db4903f5d29d034a620
  RxCocoa: 94f817b71c07517321eb4f9ad299112ca8af743b
  RxRelay: 1de1523e604c72b6c68feadedd1af3b1b4d0ecbd
  RxSwift: 5710a9e6b17f3c3d6e40d6e559b9fa1e813b2ef8

PODFILE CHECKSUM: 8a4fbf7615a2946cdc4015cf67c3a8d857e63847

COCOAPODS: 1.11.3
